
Microsoft Visual Studio Solution File, Format Version 12.00
# Visual Studio Version 16
VisualStudioVersion = 16.0.31729.503
MinimumVisualStudioVersion = 10.0.40219.1
Project("{FAE04EC0-301F-11D3-BF4B-00C04F79EFBC}") = "QUIZ01_09156213_2", "QUIZ01_09156213_2\QUIZ01_09156213_2.csproj", "{24744167-279B-49C9-B0BC-9B0776873814}"
EndProject
Global
	GlobalSection(SolutionConfigurationPlatforms) = preSolution
		Debug|Any CPU = Debug|Any CPU
		Release|Any CPU = Release|Any CPU
	EndGlobalSection
	GlobalSection(ProjectConfigurationPlatforms) = postSolution
		{24744167-279B-49C9-B0BC-9B0776873814}.Debug|Any CPU.ActiveCfg = Debug|Any CPU
		{24744167-279B-49C9-B0BC-9B0776873814}.Debug|Any CPU.Build.0 = Debug|Any CPU
		{24744167-279B-49C9-B0BC-9B0776873814}.Release|Any CPU.ActiveCfg = Release|Any CPU
		{24744167-279B-49C9-B0BC-9B0776873814}.Release|Any CPU.Build.0 = Release|Any CPU
	EndGlobalSection
	GlobalSection(SolutionProperties) = preSolution
		HideSolutionNode = FALSE
	EndGlobalSection
	GlobalSection(ExtensibilityGlobals) = postSolution
		SolutionGuid = {BA552A5C-83DC-437A-B737-70FBD5551FCE}
	EndGlobalSection
EndGlobal
